{
    "_readme": [
        "This file locks the dependencies of your project to a known state",
        "Read more about it at https://getcomposer.org/doc/01-basic-usage.md#composer-lock-the-lock-file",
        "This file is @generated automatically"
    ],
    "hash": "1487d48a9f21e08f007a3ff780d692b1",
    "content-hash": "0b705fd01379f4f833f6fc559869cbd1",
    "packages": [
        {
            "name": "1ppl/utils-compound",
            "version": "0.0.2",
            "source": {
                "type": "git",
                "url": "https://github.com/0nepeop1e/php-compound.git",
                "reference": "85de0f7e6d25107d38c2e2e2330e85c0d8942099"
            },
            "dist": {
                "type": "zip",
                "url": "https://api.github.com/repos/0nepeop1e/php-compound/zipball/85de0f7e6d25107d38c2e2e2330e85c0d8942099",
                "reference": "85de0f7e6d25107d38c2e2e2330e85c0d8942099",
                "shasum": ""
            },
            "require": {
                "php": ">=5.6"
            },
            "type": "library",
            "autoload": {
                "classmap": [
                    "src"
                ]
            },
            "notification-url": "https://packagist.org/downloads/",
            "license": [
                "proprietary"
            ],
            "authors": [
                {
                    "name": "0nepeop1e",
                    "email": "engshun.lim@gmail.com"
                }
            ],
            "description": "Compound",
            "time": "2017-11-07 11:41:11"
        }
    ],
    "packages-dev": [],
    "aliases": [],
    "minimum-stability": "stable",
    "stability-flags": [],
    "prefer-stable": false,
    "prefer-lowest": false,
    "platform": {
        "php": ">=5.6"
    },
    "platform-dev": []
}
