{
    "_readme": [
        "This file locks the dependencies of your project to a known state",
        "Read more about it at https://getcomposer.org/doc/01-basic-usage.md#composer-lock-the-lock-file",
        "This file is @generated automatically"
    ],
    "hash": "309a52b23adf6410684f639774ea0c34",
    "content-hash": "de74950d466c22430ffe231d5c6e9ef6",
    "packages": [
        {
            "name": "1ppl/utils-compound",
            "version": "0.0.1",
            "source": {
                "type": "git",
                "url": "https://github.com/0nepeop1e/php-compound.git",
                "reference": "29843e3051482bd9903d14b6ae5df602c4c987fe"
            },
            "dist": {
                "type": "zip",
                "url": "https://api.github.com/repos/0nepeop1e/php-compound/zipball/29843e3051482bd9903d14b6ae5df602c4c987fe",
                "reference": "29843e3051482bd9903d14b6ae5df602c4c987fe",
                "shasum": ""
            },
            "require": {
                "php": ">=5.6"
            },
            "type": "library",
            "autoload": {
                "classmap": [
                    "src"
                ]
            },
            "notification-url": "https://packagist.org/downloads/",
            "license": [
                "proprietary"
            ],
            "authors": [
                {
                    "name": "0nepeop1e",
                    "email": "engshun.lim@gmail.com"
                }
            ],
            "description": "Compound",
            "time": "2017-10-26 17:39:07"
        }
    ],
    "packages-dev": [],
    "aliases": [],
    "minimum-stability": "stable",
    "stability-flags": [],
    "prefer-stable": false,
    "prefer-lowest": false,
    "platform": {
        "php": ">=5.6"
    },
    "platform-dev": []
}
